
Microsoft Visual Studio Solution File, Format Version 12.00
# Visual Studio Version 17
VisualStudioVersion = 17.9.34728.123
MinimumVisualStudioVersion = 10.0.40219.1
Project("{FAE04EC0-301F-11D3-BF4B-00C04F79EFBC}") = "StarWarsCopilot", "StarWarsCopilot\StarWarsCopilot.csproj", "{05639ED7-8823-4902-BB15-3CDF7D118394}"
EndProject
Global
	GlobalSection(SolutionConfigurationPlatforms) = preSolution
		Debug|Any CPU = Debug|Any CPU
		Release|Any CPU = Release|Any CPU
	EndGlobalSection
	GlobalSection(ProjectConfigurationPlatforms) = postSolution
		{05639ED7-8823-4902-BB15-3CDF7D118394}.Debug|Any CPU.ActiveCfg = Debug|Any CPU
		{05639ED7-8823-4902-BB15-3CDF7D118394}.Debug|Any CPU.Build.0 = Debug|Any CPU
		{05639ED7-8823-4902-BB15-3CDF7D118394}.Release|Any CPU.ActiveCfg = Release|Any CPU
		{05639ED7-8823-4902-BB15-3CDF7D118394}.Release|Any CPU.Build.0 = Release|Any CPU
	EndGlobalSection
	GlobalSection(SolutionProperties) = preSolution
		HideSolutionNode = FALSE
	EndGlobalSection
	GlobalSection(ExtensibilityGlobals) = postSolution
		SolutionGuid = {887F36EE-6AF1-43EE-BE75-EAFEE4015217}
	EndGlobalSection
EndGlobal
